{
  "name": "honda-ms.jp",
  "version": "1.0.0",
  "lockfileVersion": 3,
  "requires": true,
  "packages": {
    "": {
      "name": "honda-ms.jp",
      "version": "1.0.0",
      "license": "ISC",
      "dependencies": {
        "destyle.css": "^4.0.1",
        "gsap": "^3.13.0",
        "swiper": "^11.2.8"
      }
    },
    "node_modules/destyle.css": {
      "version": "4.0.1",
      "resolved": "https://registry.npmjs.org/destyle.css/-/destyle.css-4.0.1.tgz",
      "integrity": "sha512-G9iyW0JfRkgdxhbWQeuLdO1KZ40nzKssHtArbSFvaU/w44G0cZ5v3u4bHY829INSu480J/fxae+lTm225mN3Vw==",
      "license": "MIT"
    },
    "node_modules/gsap": {
      "version": "3.13.0",
      "resolved": "https://registry.npmjs.org/gsap/-/gsap-3.13.0.tgz",
      "integrity": "sha512-QL7MJ2WMjm1PHWsoFrAQH/J8wUeqZvMtHO58qdekHpCfhvhSL4gSiz6vJf5EeMP0LOn3ZCprL2ki/gjED8ghVw==",
      "license": "Standard 'no charge' license: https://gsap.com/standard-license."
    },
    "node_modules/swiper": {
      "version": "11.2.8",
      "resolved": "https://registry.npmjs.org/swiper/-/swiper-11.2.8.tgz",
      "integrity": "sha512-S5FVf6zWynPWooi7pJ7lZhSUe2snTzqLuUzbd5h5PHUOhzgvW0bLKBd2wv0ixn6/5o9vwc/IkQT74CRcLJQzeg==",
      "funding": [
        {
          "type": "patreon",
          "url": "https://www.patreon.com/swiperjs"
        },
        {
          "type": "open_collective",
          "url": "http://opencollective.com/swiper"
        }
      ],
      "license": "MIT",
      "engines": {
        "node": ">= 4.7.0"
      }
    }
  }
}
